lockfileVersion: '9.0'

settings:
  autoInstallPeers: true
  excludeLinksFromLockfile: false

importers:

  .:
    dependencies:
      ping:
        specifier: ^1.0.0
        version: 1.0.0

packages:

  ping@1.0.0:
    resolution: {integrity: sha512-3dxdgGtV+7P/EVo42JhkGSomeO/0GGicSz3mI/yK+AI+VGNAOfakw5XfcbGI4IjyBY+ZZwvuRXdhnNF2uliKew==}
    engines: {node: '>=22.0.0'}

snapshots:

  ping@1.0.0: {}
